
Microsoft Visual Studio Solution File, Format Version 12.00
# Visual Studio 15
VisualStudioVersion = 15.0.26730.12
MinimumVisualStudioVersion = 10.0.40219.1
Project("{FAE04EC0-301F-11D3-BF4B-00C04F79EFBC}") = "Task-3-Hops", "Task-3-Hops\Task-3-Hops.csproj", "{01A4D0DE-0869-4054-9AB4-78AB7047CF05}"
EndProject
Project("{FAE04EC0-301F-11D3-BF4B-00C04F79EFBC}") = "Task-2-Prime-Triangle", "Task-2-Prime-Triangle\Task-2-Prime-Triangle.csproj", "{BFB67469-3E91-45AC-9947-FAE5A9CE4AE6}"
EndProject
Project("{FAE04EC0-301F-11D3-BF4B-00C04F79EFBC}") = "Task-1-Yesterday", "Task-1-Yesterday\Task-1-Yesterday.csproj", "{D5F415D4-9F6D-44C5-937F-5679E82A7F51}"
EndProject
Global
	GlobalSection(SolutionConfigurationPlatforms) = preSolution
		Debug|Any CPU = Debug|Any CPU
		Release|Any CPU = Release|Any CPU
	EndGlobalSection
	GlobalSection(ProjectConfigurationPlatforms) = postSolution
		{01A4D0DE-0869-4054-9AB4-78AB7047CF05}.Debug|Any CPU.ActiveCfg = Debug|Any CPU
		{01A4D0DE-0869-4054-9AB4-78AB7047CF05}.Debug|Any CPU.Build.0 = Debug|Any CPU
		{01A4D0DE-0869-4054-9AB4-78AB7047CF05}.Release|Any CPU.ActiveCfg = Release|Any CPU
		{01A4D0DE-0869-4054-9AB4-78AB7047CF05}.Release|Any CPU.Build.0 = Release|Any CPU
		{BFB67469-3E91-45AC-9947-FAE5A9CE4AE6}.Debug|Any CPU.ActiveCfg = Debug|Any CPU
		{BFB67469-3E91-45AC-9947-FAE5A9CE4AE6}.Debug|Any CPU.Build.0 = Debug|Any CPU
		{BFB67469-3E91-45AC-9947-FAE5A9CE4AE6}.Release|Any CPU.ActiveCfg = Release|Any CPU
		{BFB67469-3E91-45AC-9947-FAE5A9CE4AE6}.Release|Any CPU.Build.0 = Release|Any CPU
		{D5F415D4-9F6D-44C5-937F-5679E82A7F51}.Debug|Any CPU.ActiveCfg = Debug|Any CPU
		{D5F415D4-9F6D-44C5-937F-5679E82A7F51}.Debug|Any CPU.Build.0 = Debug|Any CPU
		{D5F415D4-9F6D-44C5-937F-5679E82A7F51}.Release|Any CPU.ActiveCfg = Release|Any CPU
		{D5F415D4-9F6D-44C5-937F-5679E82A7F51}.Release|Any CPU.Build.0 = Release|Any CPU
	EndGlobalSection
	GlobalSection(SolutionProperties) = preSolution
		HideSolutionNode = FALSE
	EndGlobalSection
	GlobalSection(ExtensibilityGlobals) = postSolution
		SolutionGuid = {C98BCCC3-7CEC-4DC5-9386-E6C81DA8DBA5}
	EndGlobalSection
EndGlobal
